// !$*UTF8*$!
{
	archiveVersion = 1;
	classes = {
	};
	objectVersion = 77;
	objects = {

/* Begin PBXBuildFile section */
		2CEE10E42E76900500D82503 /* NewsReaderTests.swift in Sources */ = {isa = PBXBuildFile; fileRef = 2CEE10E22E76900500D82503 /* NewsReaderTests.swift */; };
		2CEE10E82E76900500D82503 /* NewsReaderUITests.swift in Sources */ = {isa = PBXBuildFile; fileRef = 2CEE10E52E76900500D82503 /* NewsReaderUITests.swift */; };
		2CEE10E92E76900500D82503 /* NewsReaderUITestsLaunchTests.swift in Sources */ = {isa = PBXBuildFile; fileRef = 2CEE10E62E76900500D82503 /* NewsReaderUITestsLaunchTests.swift */; };
		2CEE115E2E76B98500D82503 /* AppDelegate.swift in Sources */ = {isa = PBXBuildFile; fileRef = 2CEE11412E76B98500D82503 /* AppDelegate.swift */; };
		2CEE115F2E76B98500D82503 /* BookmarksViewController.swift in Sources */ = {isa = PBXBuildFile; fileRef = 2CEE11492E76B98500D82503 /* BookmarksViewController.swift */; };
		2CEE11602E76B98500D82503 /* ArticlesRepository.swift in Sources */ = {isa = PBXBuildFile; fileRef = 2CEE11462E76B98500D82503 /* ArticlesRepository.swift */; };
		2CEE11612E76B98500D82503 /* CDArticle+Mapping.swift in Sources */ = {isa = PBXBuildFile; fileRef = 2CEE114C2E76B98500D82503 /* CDArticle+Mapping.swift */; };
		2CEE11622E76B98500D82503 /* ArticleCell.swift in Sources */ = {isa = PBXBuildFile; fileRef = 2CEE11432E76B98500D82503 /* ArticleCell.swift */; };
		2CEE11652E76B98500D82503 /* ArticlesListViewController.swift in Sources */ = {isa = PBXBuildFile; fileRef = 2CEE11442E76B98500D82503 /* ArticlesListViewController.swift */; };
		2CEE116B2E76B98500D82503 /* Article.swift in Sources */ = {isa = PBXBuildFile; fileRef = 2CEE11422E76B98500D82503 /* Article.swift */; };
		2CEE116C2E76B98500D82503 /* ReaderModel.xcdatamodeld in Sources */ = {isa = PBXBuildFile; fileRef = 2CEE11552E76B98500D82503 /* ReaderModel.xcdatamodeld */; };
		2CEE11732E76B9F100D82503 /* ArticlesListViewModel.swift in Sources */ = {isa = PBXBuildFile; fileRef = 2CEE11702E76B9F100D82503 /* ArticlesListViewModel.swift */; };
		2CEE11742E76B9F100D82503 /* ArticlesViewModel.swift in Sources */ = {isa = PBXBuildFile; fileRef = 2CEE11712E76B9F100D82503 /* ArticlesViewModel.swift */; };
		2CEE117F2E76BAF000D82503 /* ImageLoader.swift in Sources */ = {isa = PBXBuildFile; fileRef = 2CEE117B2E76BAF000D82503 /* ImageLoader.swift */; };
		2CEE11802E76BAF000D82503 /* NewsAPIService.swift in Sources */ = {isa = PBXBuildFile; fileRef = 2CEE117C2E76BAF000D82503 /* NewsAPIService.swift */; };
		2CEE11812E76BAF000D82503 /* PersistenceController.swift in Sources */ = {isa = PBXBuildFile; fileRef = 2CEE117D2E76BAF000D82503 /* PersistenceController.swift */; };
		2CEE11892E76BAF000D82503 /* Assets.xcassets in Resources */ = {isa = PBXBuildFile; fileRef = 2CEE11822E76BAF000D82503 /* Assets.xcassets */; };
		2CEE118B2E76BAF000D82503 /* LaunchScreen.storyboard in Resources */ = {isa = PBXBuildFile; fileRef = 2CEE11852E76BAF000D82503 /* LaunchScreen.storyboard */; };
		2CEE118C2E76BAF000D82503 /* Main.storyboard in Resources */ = {isa = PBXBuildFile; fileRef = 2CEE11872E76BAF000D82503 /* Main.storyboard */; };
		2CEE11902E76BAF000D82503 /* SceneDelegate.swift in Sources */ = {isa = PBXBuildFile; fileRef = 2CEE118D2E76BAF000D82503 /* SceneDelegate.swift */; };
		2CEE11912E76BAF000D82503 /* ViewController.swift in Sources */ = {isa = PBXBuildFile; fileRef = 2CEE118E2E76BAF000D82503 /* ViewController.swift */; };
/* End PBXBuildFile section */

/* Begin PBXContainerItemProxy section */
		2CEE10B12E768FFC00D82503 /* PBXContainerItemProxy */ = {
			isa = PBXContainerItemProxy;
			containerPortal = 2CEE108F2E768FF900D82503 /* Project object */;
			proxyType = 1;
			remoteGlobalIDString = 2CEE10962E768FF900D82503;
			remoteInfo = NewsReader;
		};
		2CEE10BB2E768FFC00D82503 /* PBXContainerItemProxy */ = {
			isa = PBXContainerItemProxy;
			containerPortal = 2CEE108F2E768FF900D82503 /* Project object */;
			proxyType = 1;
			remoteGlobalIDString = 2CEE10962E768FF900D82503;
			remoteInfo = NewsReader;
		};
/* End PBXContainerItemProxy section */

/* Begin PBXFileReference section */
		2CEE10972E768FF900D82503 /* NewsReader.app */ = {isa = PBXFileReference; explicitFileType = wrapper.application; includeInIndex = 0; path = NewsReader.app; sourceTree = BUILT_PRODUCTS_DIR; };
		2CEE10B02E768FFC00D82503 /* NewsReaderTests.xctest */ = {isa = PBXFileReference; explicitFileType = wrapper.cfbundle; includeInIndex = 0; path = NewsReaderTests.xctest; sourceTree = BUILT_PRODUCTS_DIR; };
		2CEE10BA2E768FFC00D82503 /* NewsReaderUITests.xctest */ = {isa = PBXFileReference; explicitFileType = wrapper.cfbundle; includeInIndex = 0; path = NewsReaderUITests.xctest; sourceTree = BUILT_PRODUCTS_DIR; };
		2CEE10E22E76900500D82503 /* NewsReaderTests.swift */ = {isa = PBXFileReference; lastKnownFileType = sourcecode.swift; path = NewsReaderTests.swift; sourceTree = "<group>"; };
		2CEE10E52E76900500D82503 /* NewsReaderUITests.swift */ = {isa = PBXFileReference; lastKnownFileType = sourcecode.swift; path = NewsReaderUITests.swift; sourceTree = "<group>"; };
		2CEE10E62E76900500D82503 /* NewsReaderUITestsLaunchTests.swift */ = {isa = PBXFileReference; lastKnownFileType = sourcecode.swift; path = NewsReaderUITestsLaunchTests.swift; sourceTree = "<group>"; };
		2CEE11412E76B98500D82503 /* AppDelegate.swift */ = {isa = PBXFileReference; lastKnownFileType = sourcecode.swift; path = AppDelegate.swift; sourceTree = "<group>"; };
		2CEE11422E76B98500D82503 /* Article.swift */ = {isa = PBXFileReference; lastKnownFileType = sourcecode.swift; path = Article.swift; sourceTree = "<group>"; };
		2CEE11432E76B98500D82503 /* ArticleCell.swift */ = {isa = PBXFileReference; lastKnownFileType = sourcecode.swift; path = ArticleCell.swift; sourceTree = "<group>"; };
		2CEE11442E76B98500D82503 /* ArticlesListViewController.swift */ = {isa = PBXFileReference; lastKnownFileType = sourcecode.swift; path = ArticlesListViewController.swift; sourceTree = "<group>"; };
		2CEE11462E76B98500D82503 /* ArticlesRepository.swift */ = {isa = PBXFileReference; lastKnownFileType = sourcecode.swift; path = ArticlesRepository.swift; sourceTree = "<group>"; };
		2CEE11492E76B98500D82503 /* BookmarksViewController.swift */ = {isa = PBXFileReference; lastKnownFileType = sourcecode.swift; path = BookmarksViewController.swift; sourceTree = "<group>"; };
		2CEE114A2E76B98500D82503 /* CDArticle+CoreDataClass.swift */ = {isa = PBXFileReference; lastKnownFileType = sourcecode.swift; path = "CDArticle+CoreDataClass.swift"; sourceTree = "<group>"; };
		2CEE114B2E76B98500D82503 /* CDArticle+CoreDataProperties.swift */ = {isa = PBXFileReference; lastKnownFileType = sourcecode.swift; path = "CDArticle+CoreDataProperties.swift"; sourceTree = "<group>"; };
		2CEE114C2E76B98500D82503 /* CDArticle+Mapping.swift */ = {isa = PBXFileReference; lastKnownFileType = sourcecode.swift; path = "CDArticle+Mapping.swift"; sourceTree = "<group>"; };
		2CEE115A2E76B98500D82503 /* ReaderModel.xcdatamodel */ = {isa = PBXFileReference; lastKnownFileType = wrapper.xcdatamodel; path = ReaderModel.xcdatamodel; sourceTree = "<group>"; };
		2CEE11702E76B9F100D82503 /* ArticlesListViewModel.swift */ = {isa = PBXFileReference; lastKnownFileType = sourcecode.swift; path = ArticlesListViewModel.swift; sourceTree = "<group>"; };
		2CEE11712E76B9F100D82503 /* ArticlesViewModel.swift */ = {isa = PBXFileReference; lastKnownFileType = sourcecode.swift; path = ArticlesViewModel.swift; sourceTree = "<group>"; };
		2CEE117B2E76BAF000D82503 /* ImageLoader.swift */ = {isa = PBXFileReference; lastKnownFileType = sourcecode.swift; path = ImageLoader.swift; sourceTree = "<group>"; };
		2CEE117C2E76BAF000D82503 /* NewsAPIService.swift */ = {isa = PBXFileReference; lastKnownFileType = sourcecode.swift; path = NewsAPIService.swift; sourceTree = "<group>"; };
		2CEE117D2E76BAF000D82503 /* PersistenceController.swift */ = {isa = PBXFileReference; lastKnownFileType = sourcecode.swift; path = PersistenceController.swift; sourceTree = "<group>"; };
		2CEE11822E76BAF000D82503 /* Assets.xcassets */ = {isa = PBXFileReference; lastKnownFileType = folder.assetcatalog; path = Assets.xcassets; sourceTree = "<group>"; };
		2CEE11832E76BAF000D82503 /* Info.plist */ = {isa = PBXFileReference; lastKnownFileType = text.plist.xml; path = Info.plist; sourceTree = "<group>"; };
		2CEE11842E76BAF000D82503 /* Base */ = {isa = PBXFileReference; lastKnownFileType = file.storyboard; name = Base; path = Base.lproj/LaunchScreen.storyboard; sourceTree = "<group>"; };
		2CEE11862E76BAF000D82503 /* Base */ = {isa = PBXFileReference; lastKnownFileType = file.storyboard; name = Base; path = Base.lproj/Main.storyboard; sourceTree = "<group>"; };
		2CEE118D2E76BAF000D82503 /* SceneDelegate.swift */ = {isa = PBXFileReference; lastKnownFileType = sourcecode.swift; path = SceneDelegate.swift; sourceTree = "<group>"; };
		2CEE118E2E76BAF000D82503 /* ViewController.swift */ = {isa = PBXFileReference; lastKnownFileType = sourcecode.swift; path = ViewController.swift; sourceTree = "<group>"; };
/* End PBXFileReference section */

/* Begin PBXFrameworksBuildPhase section */
		2CEE10942E768FF900D82503 /* Frameworks */ = {
			isa = PBXFrameworksBuildPhase;
			buildActionMask = 2147483647;
			files = (
			);
			runOnlyForDeploymentPostprocessing = 0;
		};
		2CEE10AD2E768FFC00D82503 /* Frameworks */ = {
			isa = PBXFrameworksBuildPhase;
			buildActionMask = 2147483647;
			files = (
			);
			runOnlyForDeploymentPostprocessing = 0;
		};
		2CEE10B72E768FFC00D82503 /* Frameworks */ = {
			isa = PBXFrameworksBuildPhase;
			buildActionMask = 2147483647;
			files = (
			);
			runOnlyForDeploymentPostprocessing = 0;
		};
/* End PBXFrameworksBuildPhase section */

/* Begin PBXGroup section */
		2CEE108E2E768FF900D82503 = {
			isa = PBXGroup;
			children = (
				2CEE11582E76B98500D82503 /* NewsReader */,
				2CEE10E32E76900500D82503 /* NewsReaderTests */,
				2CEE10E72E76900500D82503 /* NewsReaderUITests */,
				2CEE10982E768FF900D82503 /* Products */,
			);
			sourceTree = "<group>";
		};
		2CEE10982E768FF900D82503 /* Products */ = {
			isa = PBXGroup;
			children = (
				2CEE10972E768FF900D82503 /* NewsReader.app */,
				2CEE10B02E768FFC00D82503 /* NewsReaderTests.xctest */,
				2CEE10BA2E768FFC00D82503 /* NewsReaderUITests.xctest */,
			);
			name = Products;
			sourceTree = "<group>";
		};
		2CEE10E32E76900500D82503 /* NewsReaderTests */ = {
			isa = PBXGroup;
			children = (
				2CEE10E22E76900500D82503 /* NewsReaderTests.swift */,
			);
			path = NewsReaderTests;
			sourceTree = "<group>";
		};
		2CEE10E72E76900500D82503 /* NewsReaderUITests */ = {
			isa = PBXGroup;
			children = (
				2CEE10E52E76900500D82503 /* NewsReaderUITests.swift */,
				2CEE10E62E76900500D82503 /* NewsReaderUITestsLaunchTests.swift */,
			);
			path = NewsReaderUITests;
			sourceTree = "<group>";
		};
		2CEE11582E76B98500D82503 /* NewsReader */ = {
			isa = PBXGroup;
			children = (
				2CEE11832E76BAF000D82503 /* Info.plist */,
				2CEE11882E76BAF000D82503 /* Resources */,
				2CEE118F2E76BAF000D82503 /* Appllication */,
				2CEE117E2E76BAF000D82503 /* Services */,
				2CEE11762E76BA0E00D82503 /* Views */,
				2CEE11722E76B9F100D82503 /* ViewModels */,
				2CEE116E2E76B99D00D82503 /* Models */,
			);
			path = NewsReader;
			sourceTree = "<group>";
		};
		2CEE116E2E76B99D00D82503 /* Models */ = {
			isa = PBXGroup;
			children = (
				2CEE11422E76B98500D82503 /* Article.swift */,
				2CEE11552E76B98500D82503 /* ReaderModel.xcdatamodeld */,
				2CEE114A2E76B98500D82503 /* CDArticle+CoreDataClass.swift */,
				2CEE114B2E76B98500D82503 /* CDArticle+CoreDataProperties.swift */,
				2CEE114C2E76B98500D82503 /* CDArticle+Mapping.swift */,
			);
			path = Models;
			sourceTree = "<group>";
		};
		2CEE11722E76B9F100D82503 /* ViewModels */ = {
			isa = PBXGroup;
			children = (
				2CEE11702E76B9F100D82503 /* ArticlesListViewModel.swift */,
				2CEE11712E76B9F100D82503 /* ArticlesViewModel.swift */,
			);
			path = ViewModels;
			sourceTree = "<group>";
		};
		2CEE11762E76BA0E00D82503 /* Views */ = {
			isa = PBXGroup;
			children = (
				2CEE11432E76B98500D82503 /* ArticleCell.swift */,
				2CEE11442E76B98500D82503 /* ArticlesListViewController.swift */,
				2CEE11492E76B98500D82503 /* BookmarksViewController.swift */,
			);
			path = Views;
			sourceTree = "<group>";
		};
		2CEE117E2E76BAF000D82503 /* Services */ = {
			isa = PBXGroup;
			children = (
				2CEE117B2E76BAF000D82503 /* ImageLoader.swift */,
				2CEE117C2E76BAF000D82503 /* NewsAPIService.swift */,
				2CEE117D2E76BAF000D82503 /* PersistenceController.swift */,
				2CEE11462E76B98500D82503 /* ArticlesRepository.swift */,
			);
			path = Services;
			sourceTree = "<group>";
		};
		2CEE11882E76BAF000D82503 /* Resources */ = {
			isa = PBXGroup;
			children = (
				2CEE11822E76BAF000D82503 /* Assets.xcassets */,
				2CEE11852E76BAF000D82503 /* LaunchScreen.storyboard */,
				2CEE11872E76BAF000D82503 /* Main.storyboard */,
			);
			path = Resources;
			sourceTree = "<group>";
		};
		2CEE118F2E76BAF000D82503 /* Appllication */ = {
			isa = PBXGroup;
			children = (
				2CEE118D2E76BAF000D82503 /* SceneDelegate.swift */,
				2CEE118E2E76BAF000D82503 /* ViewController.swift */,
				2CEE11412E76B98500D82503 /* AppDelegate.swift */,
			);
			path = Appllication;
			sourceTree = "<group>";
		};
/* End PBXGroup section */

/* Begin PBXNativeTarget section */
		2CEE10962E768FF900D82503 /* NewsReader */ = {
			isa = PBXNativeTarget;
			buildConfigurationList = 2CEE10C32E768FFC00D82503 /* Build configuration list for PBXNativeTarget "NewsReader" */;
			buildPhases = (
				2CEE10932E768FF900D82503 /* Sources */,
				2CEE10942E768FF900D82503 /* Frameworks */,
				2CEE10952E768FF900D82503 /* Resources */,
			);
			buildRules = (
			);
			dependencies = (
			);
			name = NewsReader;
			packageProductDependencies = (
			);
			productName = NewsReader;
			productReference = 2CEE10972E768FF900D82503 /* NewsReader.app */;
			productType = "com.apple.product-type.application";
		};
		2CEE10AF2E768FFC00D82503 /* NewsReaderTests */ = {
			isa = PBXNativeTarget;
			buildConfigurationList = 2CEE10C82E768FFC00D82503 /* Build configuration list for PBXNativeTarget "NewsReaderTests" */;
			buildPhases = (
				2CEE10AC2E768FFC00D82503 /* Sources */,
				2CEE10AD2E768FFC00D82503 /* Frameworks */,
				2CEE10AE2E768FFC00D82503 /* Resources */,
			);
			buildRules = (
			);
			dependencies = (
				2CEE10B22E768FFC00D82503 /* PBXTargetDependency */,
			);
			name = NewsReaderTests;
			packageProductDependencies = (
			);
			productName = NewsReaderTests;
			productReference = 2CEE10B02E768FFC00D82503 /* NewsReaderTests.xctest */;
			productType = "com.apple.product-type.bundle.unit-test";
		};
		2CEE10B92E768FFC00D82503 /* NewsReaderUITests */ = {
			isa = PBXNativeTarget;
			buildConfigurationList = 2CEE10CB2E768FFC00D82503 /* Build configuration list for PBXNativeTarget "NewsReaderUITests" */;
			buildPhases = (
				2CEE10B62E768FFC00D82503 /* Sources */,
				2CEE10B72E768FFC00D82503 /* Frameworks */,
				2CEE10B82E768FFC00D82503 /* Resources */,
			);
			buildRules = (
			);
			dependencies = (
				2CEE10BC2E768FFC00D82503 /* PBXTargetDependency */,
			);
			name = NewsReaderUITests;
			packageProductDependencies = (
			);
			productName = NewsReaderUITests;
			productReference = 2CEE10BA2E768FFC00D82503 /* NewsReaderUITests.xctest */;
			productType = "com.apple.product-type.bundle.ui-testing";
		};
/* End PBXNativeTarget section */

/* Begin PBXProject section */
		2CEE108F2E768FF900D82503 /* Project object */ = {
			isa = PBXProject;
			attributes = {
				BuildIndependentTargetsInParallel = 1;
				LastSwiftUpdateCheck = 1610;
				LastUpgradeCheck = 1610;
				TargetAttributes = {
					2CEE10962E768FF900D82503 = {
						CreatedOnToolsVersion = 16.1;
					};
					2CEE10AF2E768FFC00D82503 = {
						CreatedOnToolsVersion = 16.1;
						TestTargetID = 2CEE10962E768FF900D82503;
					};
					2CEE10B92E768FFC00D82503 = {
						CreatedOnToolsVersion = 16.1;
						TestTargetID = 2CEE10962E768FF900D82503;
					};
				};
			};
			buildConfigurationList = 2CEE10922E768FF900D82503 /* Build configuration list for PBXProject "NewsReader" */;
			developmentRegion = en;
			hasScannedForEncodings = 0;
			knownRegions = (
				en,
				Base,
			);
			mainGroup = 2CEE108E2E768FF900D82503;
			minimizedProjectReferenceProxies = 1;
			preferredProjectObjectVersion = 77;
			productRefGroup = 2CEE10982E768FF900D82503 /* Products */;
			projectDirPath = "";
			projectRoot = "";
			targets = (
				2CEE10962E768FF900D82503 /* NewsReader */,
				2CEE10AF2E768FFC00D82503 /* NewsReaderTests */,
				2CEE10B92E768FFC00D82503 /* NewsReaderUITests */,
			);
		};
/* End PBXProject section */

/* Begin PBXResourcesBuildPhase section */
		2CEE10952E768FF900D82503 /* Resources */ = {
			isa = PBXResourcesBuildPhase;
			buildActionMask = 2147483647;
			files = (
				2CEE11892E76BAF000D82503 /* Assets.xcassets in Resources */,
				2CEE118B2E76BAF000D82503 /* LaunchScreen.storyboard in Resources */,
				2CEE118C2E76BAF000D82503 /* Main.storyboard in Resources */,
			);
			runOnlyForDeploymentPostprocessing = 0;
		};
		2CEE10AE2E768FFC00D82503 /* Resources */ = {
			isa = PBXResourcesBuildPhase;
			buildActionMask = 2147483647;
			files = (
			);
			runOnlyForDeploymentPostprocessing = 0;
		};
		2CEE10B82E768FFC00D82503 /* Resources */ = {
			isa = PBXResourcesBuildPhase;
			buildActionMask = 2147483647;
			files = (
			);
			runOnlyForDeploymentPostprocessing = 0;
		};
/* End PBXResourcesBuildPhase section */

/* Begin PBXSourcesBuildPhase section */
		2CEE10932E768FF900D82503 /* Sources */ = {
			isa = PBXSourcesBuildPhase;
			buildActionMask = 2147483647;
			files = (
				2CEE115E2E76B98500D82503 /* AppDelegate.swift in Sources */,
				2CEE11902E76BAF000D82503 /* SceneDelegate.swift in Sources */,
				2CEE11912E76BAF000D82503 /* ViewController.swift in Sources */,
				2CEE115F2E76B98500D82503 /* BookmarksViewController.swift in Sources */,
				2CEE11602E76B98500D82503 /* ArticlesRepository.swift in Sources */,
				2CEE11612E76B98500D82503 /* CDArticle+Mapping.swift in Sources */,
				2CEE11622E76B98500D82503 /* ArticleCell.swift in Sources */,
				2CEE116C2E76B98500D82503 /* ReaderModel.xcdatamodeld in Sources */,
				2CEE11652E76B98500D82503 /* ArticlesListViewController.swift in Sources */,
				2CEE11732E76B9F100D82503 /* ArticlesListViewModel.swift in Sources */,
				2CEE11742E76B9F100D82503 /* ArticlesViewModel.swift in Sources */,
				2CEE116B2E76B98500D82503 /* Article.swift in Sources */,
				2CEE117F2E76BAF000D82503 /* ImageLoader.swift in Sources */,
				2CEE11802E76BAF000D82503 /* NewsAPIService.swift in Sources */,
				2CEE11812E76BAF000D82503 /* PersistenceController.swift in Sources */,
			);
			runOnlyForDeploymentPostprocessing = 0;
		};
		2CEE10AC2E768FFC00D82503 /* Sources */ = {
			isa = PBXSourcesBuildPhase;
			buildActionMask = 2147483647;
			files = (
				2CEE10E42E76900500D82503 /* NewsReaderTests.swift in Sources */,
			);
			runOnlyForDeploymentPostprocessing = 0;
		};
		2CEE10B62E768FFC00D82503 /* Sources */ = {
			isa = PBXSourcesBuildPhase;
			buildActionMask = 2147483647;
			files = (
				2CEE10E82E76900500D82503 /* NewsReaderUITests.swift in Sources */,
				2CEE10E92E76900500D82503 /* NewsReaderUITestsLaunchTests.swift in Sources */,
			);
			runOnlyForDeploymentPostprocessing = 0;
		};
/* End PBXSourcesBuildPhase section */

/* Begin PBXTargetDependency section */
		2CEE10B22E768FFC00D82503 /* PBXTargetDependency */ = {
			isa = PBXTargetDependency;
			target = 2CEE10962E768FF900D82503 /* NewsReader */;
			targetProxy = 2CEE10B12E768FFC00D82503 /* PBXContainerItemProxy */;
		};
		2CEE10BC2E768FFC00D82503 /* PBXTargetDependency */ = {
			isa = PBXTargetDependency;
			target = 2CEE10962E768FF900D82503 /* NewsReader */;
			targetProxy = 2CEE10BB2E768FFC00D82503 /* PBXContainerItemProxy */;
		};
/* End PBXTargetDependency section */

/* Begin PBXVariantGroup section */
		2CEE11852E76BAF000D82503 /* LaunchScreen.storyboard */ = {
			isa = PBXVariantGroup;
			children = (
				2CEE11842E76BAF000D82503 /* Base */,
			);
			name = LaunchScreen.storyboard;
			sourceTree = "<group>";
		};
		2CEE11872E76BAF000D82503 /* Main.storyboard */ = {
			isa = PBXVariantGroup;
			children = (
				2CEE11862E76BAF000D82503 /* Base */,
			);
			name = Main.storyboard;
			sourceTree = "<group>";
		};
/* End PBXVariantGroup section */

/* Begin XCBuildConfiguration section */
		2CEE10C42E768FFC00D82503 /* Debug */ = {
			isa = XCBuildConfiguration;
			buildSettings = {
				ASSETCATALOG_COMPILER_APPICON_NAME = AppIcon;
				ASSETCATALOG_COMPILER_GLOBAL_ACCENT_COLOR_NAME = AccentColor;
				CODE_SIGN_STYLE = Automatic;
				CURRENT_PROJECT_VERSION = 1;
				GENERATE_INFOPLIST_FILE = YES;
				INFOPLIST_FILE = NewsReader/Info.plist;
				INFOPLIST_KEY_UIApplicationSupportsIndirectInputEvents = YES;
				INFOPLIST_KEY_UILaunchStoryboardName = LaunchScreen;
				INFOPLIST_KEY_UIMainStoryboardFile = Main;
				INFOPLIST_KEY_UISupportedInterfaceOrientations_iPad = "UIInterfaceOrientationPortrait UIInterfaceOrientationPortraitUpsideDown UIInterfaceOrientationLandscapeLeft UIInterfaceOrientationLandscapeRight";
				INFOPLIST_KEY_UISupportedInterfaceOrientations_iPhone = "UIInterfaceOrientationPortrait UIInterfaceOrientationLandscapeLeft UIInterfaceOrientationLandscapeRight";
				LD_RUNPATH_SEARCH_PATHS = (
					"$(inherited)",
					"@executable_path/Frameworks",
				);
				MARKETING_VERSION = 1.0;
				PRODUCT_BUNDLE_IDENTIFIER = Personal.NewsReader;
				PRODUCT_NAME = "$(TARGET_NAME)";
				SWIFT_EMIT_LOC_STRINGS = YES;
				SWIFT_VERSION = 5.0;
				TARGETED_DEVICE_FAMILY = "1,2";
			};
			name = Debug;
		};
		2CEE10C52E768FFC00D82503 /* Release */ = {
			isa = XCBuildConfiguration;
			buildSettings = {
				ASSETCATALOG_COMPILER_APPICON_NAME = AppIcon;
				ASSETCATALOG_COMPILER_GLOBAL_ACCENT_COLOR_NAME = AccentColor;
				CODE_SIGN_STYLE = Automatic;
				CURRENT_PROJECT_VERSION = 1;
				GENERATE_INFOPLIST_FILE = YES;
				INFOPLIST_FILE = NewsReader/Info.plist;
				INFOPLIST_KEY_UIApplicationSupportsIndirectInputEvents = YES;
				INFOPLIST_KEY_UILaunchStoryboardName = LaunchScreen;
				INFOPLIST_KEY_UIMainStoryboardFile = Main;
				INFOPLIST_KEY_UISupportedInterfaceOrientations_iPad = "UIInterfaceOrientationPortrait UIInterfaceOrientationPortraitUpsideDown UIInterfaceOrientationLandscapeLeft UIInterfaceOrientationLandscapeRight";
				INFOPLIST_KEY_UISupportedInterfaceOrientations_iPhone = "UIInterfaceOrientationPortrait UIInterfaceOrientationLandscapeLeft UIInterfaceOrientationLandscapeRight";
				LD_RUNPATH_SEARCH_PATHS = (
					"$(inherited)",
					"@executable_path/Frameworks",
				);
				MARKETING_VERSION = 1.0;
				PRODUCT_BUNDLE_IDENTIFIER = Personal.NewsReader;
				PRODUCT_NAME = "$(TARGET_NAME)";
				SWIFT_EMIT_LOC_STRINGS = YES;
				SWIFT_VERSION = 5.0;
				TARGETED_DEVICE_FAMILY = "1,2";
			};
			name = Release;
		};
		2CEE10C62E768FFC00D82503 /* Debug */ = {
			isa = XCBuildConfiguration;
			buildSettings = {
				ALWAYS_SEARCH_USER_PATHS = NO;
				ASSETCATALOG_COMPILER_GENERATE_SWIFT_ASSET_SYMBOL_EXTENSIONS = YES;
				CLANG_ANALYZER_NONNULL = YES;
				CLANG_ANALYZER_NUMBER_OBJECT_CONVERSION = YES_AGGRESSIVE;
				CLANG_CXX_LANGUAGE_STANDARD = "gnu++20";
				CLANG_ENABLE_MODULES = YES;
				CLANG_ENABLE_OBJC_ARC = YES;
				CLANG_ENABLE_OBJC_WEAK = YES;
				CLANG_WARN_BLOCK_CAPTURE_AUTORELEASING = YES;
				CLANG_WARN_BOOL_CONVERSION = YES;
				CLANG_WARN_COMMA = YES;
				CLANG_WARN_CONSTANT_CONVERSION = YES;
				CLANG_WARN_DEPRECATED_OBJC_IMPLEMENTATIONS = YES;
				CLANG_WARN_DIRECT_OBJC_ISA_USAGE = YES_ERROR;
				CLANG_WARN_DOCUMENTATION_COMMENTS = YES;
				CLANG_WARN_EMPTY_BODY = YES;
				CLANG_WARN_ENUM_CONVERSION = YES;
				CLANG_WARN_INFINITE_RECURSION = YES;
				CLANG_WARN_INT_CONVERSION = YES;
				CLANG_WARN_NON_LITERAL_NULL_CONVERSION = YES;
				CLANG_WARN_OBJC_IMPLICIT_RETAIN_SELF = YES;
				CLANG_WARN_OBJC_LITERAL_CONVERSION = YES;
				CLANG_WARN_OBJC_ROOT_CLASS = YES_ERROR;
				CLANG_WARN_QUOTED_INCLUDE_IN_FRAMEWORK_HEADER = YES;
				CLANG_WARN_RANGE_LOOP_ANALYSIS = YES;
				CLANG_WARN_STRICT_PROTOTYPES = YES;
				CLANG_WARN_SUSPICIOUS_MOVE = YES;
				CLANG_WARN_UNGUARDED_AVAILABILITY = YES_AGGRESSIVE;
				CLANG_WARN_UNREACHABLE_CODE = YES;
				CLANG_WARN__DUPLICATE_METHOD_MATCH = YES;
				COPY_PHASE_STRIP = NO;
				DEBUG_INFORMATION_FORMAT = dwarf;
				ENABLE_STRICT_OBJC_MSGSEND = YES;
				ENABLE_TESTABILITY = YES;
				ENABLE_USER_SCRIPT_SANDBOXING = YES;
				GCC_C_LANGUAGE_STANDARD = gnu17;
				GCC_DYNAMIC_NO_PIC = NO;
				GCC_NO_COMMON_BLOCKS = YES;
				GCC_OPTIMIZATION_LEVEL = 0;
				GCC_PREPROCESSOR_DEFINITIONS = (
					"DEBUG=1",
					"$(inherited)",
				);
				GCC_WARN_64_TO_32_BIT_CONVERSION = YES;
				GCC_WARN_ABOUT_RETURN_TYPE = YES_ERROR;
				GCC_WARN_UNDECLARED_SELECTOR = YES;
				GCC_WARN_UNINITIALIZED_AUTOS = YES_AGGRESSIVE;
				GCC_WARN_UNUSED_FUNCTION = YES;
				GCC_WARN_UNUSED_VARIABLE = YES;
				IPHONEOS_DEPLOYMENT_TARGET = 18.1;
				LOCALIZATION_PREFERS_STRING_CATALOGS = YES;
				MTL_ENABLE_DEBUG_INFO = INCLUDE_SOURCE;
				MTL_FAST_MATH = YES;
				ONLY_ACTIVE_ARCH = YES;
				SDKROOT = iphoneos;
				SWIFT_ACTIVE_COMPILATION_CONDITIONS = "DEBUG $(inherited)";
				SWIFT_OPTIMIZATION_LEVEL = "-Onone";
			};
			name = Debug;
		};
		2CEE10C72E768FFC00D82503 /* Release */ = {
			isa = XCBuildConfiguration;
			buildSettings = {
				ALWAYS_SEARCH_USER_PATHS = NO;
				ASSETCATALOG_COMPILER_GENERATE_SWIFT_ASSET_SYMBOL_EXTENSIONS = YES;
				CLANG_ANALYZER_NONNULL = YES;
				CLANG_ANALYZER_NUMBER_OBJECT_CONVERSION = YES_AGGRESSIVE;
				CLANG_CXX_LANGUAGE_STANDARD = "gnu++20";
				CLANG_ENABLE_MODULES = YES;
				CLANG_ENABLE_OBJC_ARC = YES;
				CLANG_ENABLE_OBJC_WEAK = YES;
				CLANG_WARN_BLOCK_CAPTURE_AUTORELEASING = YES;
				CLANG_WARN_BOOL_CONVERSION = YES;
				CLANG_WARN_COMMA = YES;
				CLANG_WARN_CONSTANT_CONVERSION = YES;
				CLANG_WARN_DEPRECATED_OBJC_IMPLEMENTATIONS = YES;
				CLANG_WARN_DIRECT_OBJC_ISA_USAGE = YES_ERROR;
				CLANG_WARN_DOCUMENTATION_COMMENTS = YES;
				CLANG_WARN_EMPTY_BODY = YES;
				CLANG_WARN_ENUM_CONVERSION = YES;
				CLANG_WARN_INFINITE_RECURSION = YES;
				CLANG_WARN_INT_CONVERSION = YES;
				CLANG_WARN_NON_LITERAL_NULL_CONVERSION = YES;
				CLANG_WARN_OBJC_IMPLICIT_RETAIN_SELF = YES;
				CLANG_WARN_OBJC_LITERAL_CONVERSION = YES;
				CLANG_WARN_OBJC_ROOT_CLASS = YES_ERROR;
				CLANG_WARN_QUOTED_INCLUDE_IN_FRAMEWORK_HEADER = YES;
				CLANG_WARN_RANGE_LOOP_ANALYSIS = YES;
				CLANG_WARN_STRICT_PROTOTYPES = YES;
				CLANG_WARN_SUSPICIOUS_MOVE = YES;
				CLANG_WARN_UNGUARDED_AVAILABILITY = YES_AGGRESSIVE;
				CLANG_WARN_UNREACHABLE_CODE = YES;
				CLANG_WARN__DUPLICATE_METHOD_MATCH = YES;
				COPY_PHASE_STRIP = NO;
				DEBUG_INFORMATION_FORMAT = "dwarf-with-dsym";
				ENABLE_NS_ASSERTIONS = NO;
				ENABLE_STRICT_OBJC_MSGSEND = YES;
				ENABLE_USER_SCRIPT_SANDBOXING = YES;
				GCC_C_LANGUAGE_STANDARD = gnu17;
				GCC_NO_COMMON_BLOCKS = YES;
				GCC_WARN_64_TO_32_BIT_CONVERSION = YES;
				GCC_WARN_ABOUT_RETURN_TYPE = YES_ERROR;
				GCC_WARN_UNDECLARED_SELECTOR = YES;
				GCC_WARN_UNINITIALIZED_AUTOS = YES_AGGRESSIVE;
				GCC_WARN_UNUSED_FUNCTION = YES;
				GCC_WARN_UNUSED_VARIABLE = YES;
				IPHONEOS_DEPLOYMENT_TARGET = 18.1;
				LOCALIZATION_PREFERS_STRING_CATALOGS = YES;
				MTL_ENABLE_DEBUG_INFO = NO;
				MTL_FAST_MATH = YES;
				SDKROOT = iphoneos;
				SWIFT_COMPILATION_MODE = wholemodule;
				VALIDATE_PRODUCT = YES;
			};
			name = Release;
		};
		2CEE10C92E768FFC00D82503 /* Debug */ = {
			isa = XCBuildConfiguration;
			buildSettings = {
				BUNDLE_LOADER = "$(TEST_HOST)";
				CODE_SIGN_STYLE = Automatic;
				CURRENT_PROJECT_VERSION = 1;
				GENERATE_INFOPLIST_FILE = YES;
				IPHONEOS_DEPLOYMENT_TARGET = 18.1;
				MARKETING_VERSION = 1.0;
				PRODUCT_BUNDLE_IDENTIFIER = Personal.NewsReaderTests;
				PRODUCT_NAME = "$(TARGET_NAME)";
				SWIFT_EMIT_LOC_STRINGS = NO;
				SWIFT_VERSION = 5.0;
				TARGETED_DEVICE_FAMILY = "1,2";
				TEST_HOST = "$(BUILT_PRODUCTS_DIR)/NewsReader.app/$(BUNDLE_EXECUTABLE_FOLDER_PATH)/NewsReader";
			};
			name = Debug;
		};
		2CEE10CA2E768FFC00D82503 /* Release */ = {
			isa = XCBuildConfiguration;
			buildSettings = {
				BUNDLE_LOADER = "$(TEST_HOST)";
				CODE_SIGN_STYLE = Automatic;
				CURRENT_PROJECT_VERSION = 1;
				GENERATE_INFOPLIST_FILE = YES;
				IPHONEOS_DEPLOYMENT_TARGET = 18.1;
				MARKETING_VERSION = 1.0;
				PRODUCT_BUNDLE_IDENTIFIER = Personal.NewsReaderTests;
				PRODUCT_NAME = "$(TARGET_NAME)";
				SWIFT_EMIT_LOC_STRINGS = NO;
				SWIFT_VERSION = 5.0;
				TARGETED_DEVICE_FAMILY = "1,2";
				TEST_HOST = "$(BUILT_PRODUCTS_DIR)/NewsReader.app/$(BUNDLE_EXECUTABLE_FOLDER_PATH)/NewsReader";
			};
			name = Release;
		};
		2CEE10CC2E768FFC00D82503 /* Debug */ = {
			isa = XCBuildConfiguration;
			buildSettings = {
				CODE_SIGN_STYLE = Automatic;
				CURRENT_PROJECT_VERSION = 1;
				GENERATE_INFOPLIST_FILE = YES;
				MARKETING_VERSION = 1.0;
				PRODUCT_BUNDLE_IDENTIFIER = Personal.NewsReaderUITests;
				PRODUCT_NAME = "$(TARGET_NAME)";
				SWIFT_EMIT_LOC_STRINGS = NO;
				SWIFT_VERSION = 5.0;
				TARGETED_DEVICE_FAMILY = "1,2";
				TEST_TARGET_NAME = NewsReader;
			};
			name = Debug;
		};
		2CEE10CD2E768FFC00D82503 /* Release */ = {
			isa = XCBuildConfiguration;
			buildSettings = {
				CODE_SIGN_STYLE = Automatic;
				CURRENT_PROJECT_VERSION = 1;
				GENERATE_INFOPLIST_FILE = YES;
				MARKETING_VERSION = 1.0;
				PRODUCT_BUNDLE_IDENTIFIER = Personal.NewsReaderUITests;
				PRODUCT_NAME = "$(TARGET_NAME)";
				SWIFT_EMIT_LOC_STRINGS = NO;
				SWIFT_VERSION = 5.0;
				TARGETED_DEVICE_FAMILY = "1,2";
				TEST_TARGET_NAME = NewsReader;
			};
			name = Release;
		};
/* End XCBuildConfiguration section */

/* Begin XCConfigurationList section */
		2CEE10922E768FF900D82503 /* Build configuration list for PBXProject "NewsReader" */ = {
			isa = XCConfigurationList;
			buildConfigurations = (
				2CEE10C62E768FFC00D82503 /* Debug */,
				2CEE10C72E768FFC00D82503 /* Release */,
			);
			defaultConfigurationIsVisible = 0;
			defaultConfigurationName = Release;
		};
		2CEE10C32E768FFC00D82503 /* Build configuration list for PBXNativeTarget "NewsReader" */ = {
			isa = XCConfigurationList;
			buildConfigurations = (
				2CEE10C42E768FFC00D82503 /* Debug */,
				2CEE10C52E768FFC00D82503 /* Release */,
			);
			defaultConfigurationIsVisible = 0;
			defaultConfigurationName = Release;
		};
		2CEE10C82E768FFC00D82503 /* Build configuration list for PBXNativeTarget "NewsReaderTests" */ = {
			isa = XCConfigurationList;
			buildConfigurations = (
				2CEE10C92E768FFC00D82503 /* Debug */,
				2CEE10CA2E768FFC00D82503 /* Release */,
			);
			defaultConfigurationIsVisible = 0;
			defaultConfigurationName = Release;
		};
		2CEE10CB2E768FFC00D82503 /* Build configuration list for PBXNativeTarget "NewsReaderUITests" */ = {
			isa = XCConfigurationList;
			buildConfigurations = (
				2CEE10CC2E768FFC00D82503 /* Debug */,
				2CEE10CD2E768FFC00D82503 /* Release */,
			);
			defaultConfigurationIsVisible = 0;
			defaultConfigurationName = Release;
		};
/* End XCConfigurationList section */

/* Begin XCVersionGroup section */
		2CEE11552E76B98500D82503 /* ReaderModel.xcdatamodeld */ = {
			isa = XCVersionGroup;
			children = (
				2CEE115A2E76B98500D82503 /* ReaderModel.xcdatamodel */,
			);
			currentVersion = 2CEE115A2E76B98500D82503 /* ReaderModel.xcdatamodel */;
			path = ReaderModel.xcdatamodeld;
			sourceTree = "<group>";
			versionGroupType = wrapper.xcdatamodel;
		};
/* End XCVersionGroup section */
	};
	rootObject = 2CEE108F2E768FF900D82503 /* Project object */;
}
